version = 1
revision = 3
requires-python = ">=3.14"

[[package]]
name = "asgiref"
version = "3.11.0"
source = { registry = "https://pypi.org/simple" }
sdist = { url = "https://files.pythonhosted.org/packages/76/b9/4db2509eabd14b4a8c71d1b24c8d5734c52b8560a7b1e1a8b56c8d25568b/asgiref-3.11.0.tar.gz", hash = "sha256:13acff32519542a1736223fb79a715acdebe24286d98e8b164a73085f40da2c4", size = 37969, upload-time = "2025-11-19T15:32:20.106Z" }
wheels = [
    { url = "https://files.pythonhosted.org/packages/91/be/317c2c55b8bbec407257d45f5c8d1b6867abc76d12043f2d3d58c538a4ea/asgiref-3.11.0-py3-none-any.whl", hash = "sha256:1db9021efadb0d9512ce8ffaf72fcef601c7b73a8807a1bb2ef143dc6b14846d", size = 24096, upload-time = "2025-11-19T15:32:19.004Z" },
]

[[package]]
name = "click"
version = "8.3.1"
source = { registry = "https://pypi.org/simple" }
dependencies = [
    { name = "colorama", marker = "sys_platform == 'win32'" },
]
sdist = { url = "https://files.pythonhosted.org/packages/3d/fa/656b739db8587d7b5dfa22e22ed02566950fbfbcdc20311993483657a5c0/click-8.3.1.tar.gz", hash = "sha256:12ff4785d337a1bb490bb7e9c2b1ee5da3112e94a8622f26a6c77f5d2fc6842a", size = 295065, upload-time = "2025-11-15T20:45:42.706Z" }
wheels = [
    { url = "https://files.pythonhosted.org/packages/98/78/01c019cdb5d6498122777c1a43056ebb3ebfeef2076d9d026bfe15583b2b/click-8.3.1-py3-none-any.whl", hash = "sha256:981153a64e25f12d547d3426c367a4857371575ee7ad18df2a6183ab0545b2a6", size = 108274, upload-time = "2025-11-15T20:45:41.139Z" },
]

[[package]]
name = "colorama"
version = "0.4.6"
source = { registry = "https://pypi.org/simple" }
sdist = { url = "https://files.pythonhosted.org/packages/d8/53/6f443c9a4a8358a93a6792e2acffb9d9d5cb0a5cfd8802644b7b1c9a02e4/colorama-0.4.6.tar.gz", hash = "sha256:08695f5cb7ed6e0531a20572697297273c47b8cae5a63ffc6d6ed5c201be6e44", size = 27697, upload-time = "2022-10-25T02:36:22.414Z" }
wheels = [
    { url = "https://files.pythonhosted.org/packages/d1/d6/3965ed04c63042e047cb6a3e6ed1a63a35087b6a609aa3a15ed8ac56c221/colorama-0.4.6-py2.py3-none-any.whl", hash = "sha256:4f1d9991f5acc0ca119f9d443620b77f9d6b33703e51011c16baf57afb285fc6", size = 25335, upload-time = "2022-10-25T02:36:20.889Z" },
]

[[package]]
name = "deptry"
version = "0.24.0"
source = { registry = "https://pypi.org/simple" }
dependencies = [
    { name = "click" },
    { name = "colorama", marker = "sys_platform == 'win32'" },
    { name = "packaging" },
    { name = "requirements-parser" },
]
sdist = { url = "https://files.pythonhosted.org/packages/58/aa/5cae0f25a2ac5334d5bd2782a6bcd80eecf184f433ff74b2fb0387cfbbb6/deptry-0.24.0.tar.gz", hash = "sha256:852e88af2087e03cdf9ece6916f3f58b74191ab51cc8074897951bd496ee7dbb", size = 440158, upload-time = "2025-11-09T00:31:44.637Z" }
wheels = [
    { url = "https://files.pythonhosted.org/packages/21/5a/c1552996499911b6eabe874a994d9eede58ac3936d7fe7f865857b97c03f/deptry-0.24.0-cp39-abi3-macosx_10_12_x86_64.whl", hash = "sha256:a575880146bab671a62babb9825b85b4f1bda8aeaade4fcb59f9262caf91d6c7", size = 1774138, upload-time = "2025-11-09T00:31:41.896Z" },
    { url = "https://files.pythonhosted.org/packages/32/b6/1dcc011fc3e6eec71601569c9de3215530563412b3714fba80dcd1a88ec8/deptry-0.24.0-cp39-abi3-macosx_11_0_arm64.whl", hash = "sha256:00ec34b968a13c03a5268ce0211f891ace31851d916415e0a748fae9596c00d5", size = 1677340, upload-time = "2025-11-09T00:31:39.676Z" },
    { url = "https://files.pythonhosted.org/packages/4a/e2/af81dfd46b457be9e8ded9472872141777fbda8af661f5d509157b165359/deptry-0.24.0-cp39-abi3-manylinux_2_17_aarch64.manylinux2014_aarch64.whl", hash = "sha256:6ddfedafafe5cbfce31a50d4ea99d7b9074edcd08b9b94350dc739e2fb6ed7f9", size = 1782740, upload-time = "2025-11-09T00:31:28.302Z" },
    { url = "https://files.pythonhosted.org/packages/ab/28/960c311aae084deef57ece41aac13cb359b06ce31b7771139e79c394a1b7/deptry-0.24.0-cp39-abi3-manylinux_2_17_x86_64.manylinux2014_x86_64.whl", hash = "sha256:dd22fa2dbbdf4b38061ca9504f2a6ce41ec14fa5c9fe9b0b763ccc1275efebd5", size = 1845477, upload-time = "2025-11-09T00:31:33.452Z" },
    { url = "https://files.pythonhosted.org/packages/f5/6c/4b972b011a06611e0cf8f4bb6bc04a3d0f9c651950ad9abe320fcbac6983/deptry-0.24.0-cp39-abi3-musllinux_1_1_aarch64.whl", hash = "sha256:0fbe50a2122d79cec53fdfd73a7092c05f316555a1139bcbacf3432572675977", size = 1960410, upload-time = "2025-11-09T00:31:31.174Z" },
    { url = "https://files.pythonhosted.org/packages/1b/08/0eac3c72a9fd79a043cc492f3ba350c47a7be2160288353218b2c8c1bf3a/deptry-0.24.0-cp39-abi3-musllinux_1_1_x86_64.whl", hash = "sha256:92bd8d331a5a6f8e6247436bc6fe384bcf86a8d69fe33442d195996fb9b20547", size = 2023832, upload-time = "2025-11-09T00:31:36.381Z" },
    { url = "https://files.pythonhosted.org/packages/35/e4/23dcbc505f6f35c70ba68015774cf891ceda080331d7fd6d75e84ada9f73/deptry-0.24.0-cp39-abi3-win_amd64.whl", hash = "sha256:94b354848130d45e16d3a3039ae8177bce33828f62028c4ff8f2e1b04f7182ba", size = 1631631, upload-time = "2025-11-09T00:31:47.108Z" },
    { url = "https://files.pythonhosted.org/packages/39/69/6ec1e18e27dd6f80e4fb6c5fc05a6527242ff83b81c0711d0ba470e9a144/deptry-0.24.0-cp39-abi3-win_arm64.whl", hash = "sha256:ea58709e5f3aa77c0737d8fb76166b7703201cf368fbbb14072ccda968b6703a", size = 1550504, upload-time = "2025-11-09T00:31:45.988Z" },
]

[[package]]
name = "django"
version = "6.0"
source = { registry = "https://pypi.org/simple" }
dependencies = [
    { name = "asgiref" },
    { name = "sqlparse" },
    { name = "tzdata", marker = "sys_platform == 'win32'" },
]
sdist = { url = "https://files.pythonhosted.org/packages/15/75/19762bfc4ea556c303d9af8e36f0cd910ab17dff6c8774644314427a2120/django-6.0.tar.gz", hash = "sha256:7b0c1f50c0759bbe6331c6a39c89ae022a84672674aeda908784617ef47d8e26", size = 10932418, upload-time = "2025-12-03T16:26:21.878Z" }
wheels = [
    { url = "https://files.pythonhosted.org/packages/d7/ae/f19e24789a5ad852670d6885f5480f5e5895576945fcc01817dfd9bc002a/django-6.0-py3-none-any.whl", hash = "sha256:1cc2c7344303bbfb7ba5070487c17f7fc0b7174bbb0a38cebf03c675f5f19b6d", size = 8339181, upload-time = "2025-12-03T16:26:16.231Z" },
]

[[package]]
name = "gunicorn"
version = "23.0.0"
source = { registry = "https://pypi.org/simple" }
dependencies = [
    { name = "packaging" },
]
sdist = { url = "https://files.pythonhosted.org/packages/34/72/9614c465dc206155d93eff0ca20d42e1e35afc533971379482de953521a4/gunicorn-23.0.0.tar.gz", hash = "sha256:f014447a0101dc57e294f6c18ca6b40227a4c90e9bdb586042628030cba004ec", size = 375031, upload-time = "2024-08-10T20:25:27.378Z" }
wheels = [
    { url = "https://files.pythonhosted.org/packages/cb/7d/6dac2a6e1eba33ee43f318edbed4ff29151a49b5d37f080aad1e6469bca4/gunicorn-23.0.0-py3-none-any.whl", hash = "sha256:ec400d38950de4dfd418cff8328b2c8faed0edb0d517d3394e457c317908ca4d", size = 85029, upload-time = "2024-08-10T20:25:24.996Z" },
]

[[package]]
name = "limpa"
version = "0.1.0"
source = { virtual = "." }
dependencies = [
    { name = "django" },
    { name = "gunicorn" },
    { name = "whitenoise" },
]

[package.dev-dependencies]
dev = [
    { name = "deptry" },
    { name = "ruff" },
    { name = "ty" },
]

[package.metadata]
requires-dist = [
    { name = "django", specifier = ">=6.0" },
    { name = "gunicorn", specifier = ">=23.0.0" },
    { name = "whitenoise", specifier = ">=6.11.0" },
]

[package.metadata.requires-dev]
dev = [
    { name = "deptry", specifier = ">=0.24.0" },
    { name = "ruff", specifier = ">=0.14.10" },
    { name = "ty", specifier = ">=0.0.7" },
]

[[package]]
name = "packaging"
version = "25.0"
source = { registry = "https://pypi.org/simple" }
sdist = { url = "https://files.pythonhosted.org/packages/a1/d4/1fc4078c65507b51b96ca8f8c3ba19e6a61c8253c72794544580a7b6c24d/packaging-25.0.tar.gz", hash = "sha256:d443872c98d677bf60f6a1f2f8c1cb748e8fe762d2bf9d3148b5599295b0fc4f", size = 165727, upload-time = "2025-04-19T11:48:59.673Z" }
wheels = [
    { url = "https://files.pythonhosted.org/packages/20/12/38679034af332785aac8774540895e234f4d07f7545804097de4b666afd8/packaging-25.0-py3-none-any.whl", hash = "sha256:29572ef2b1f17581046b3a2227d5c611fb25ec70ca1ba8554b24b0e69331a484", size = 66469, upload-time = "2025-04-19T11:48:57.875Z" },
]

[[package]]
name = "requirements-parser"
version = "0.13.0"
source = { registry = "https://pypi.org/simple" }
dependencies = [
    { name = "packaging" },
]
sdist = { url = "https://files.pythonhosted.org/packages/95/96/fb6dbfebb524d5601d359a47c78fe7ba1eef90fc4096404aa60c9a906fbb/requirements_parser-0.13.0.tar.gz", hash = "sha256:0843119ca2cb2331de4eb31b10d70462e39ace698fd660a915c247d2301a4418", size = 22630, upload-time = "2025-05-21T13:42:05.464Z" }
wheels = [
    { url = "https://files.pythonhosted.org/packages/bd/60/50fbb6ffb35f733654466f1a90d162bcbea358adc3b0871339254fbc37b2/requirements_parser-0.13.0-py3-none-any.whl", hash = "sha256:2b3173faecf19ec5501971b7222d38f04cb45bb9d87d0ad629ca71e2e62ded14", size = 14782, upload-time = "2025-05-21T13:42:04.007Z" },
]

[[package]]
name = "ruff"
version = "0.14.10"
source = { registry = "https://pypi.org/simple" }
sdist = { url = "https://files.pythonhosted.org/packages/57/08/52232a877978dd8f9cf2aeddce3e611b40a63287dfca29b6b8da791f5e8d/ruff-0.14.10.tar.gz", hash = "sha256:9a2e830f075d1a42cd28420d7809ace390832a490ed0966fe373ba288e77aaf4", size = 5859763, upload-time = "2025-12-18T19:28:57.98Z" }
wheels = [
    { url = "https://files.pythonhosted.org/packages/60/01/933704d69f3f05ee16ef11406b78881733c186fe14b6a46b05cfcaf6d3b2/ruff-0.14.10-py3-none-linux_armv6l.whl", hash = "sha256:7a3ce585f2ade3e1f29ec1b92df13e3da262178df8c8bdf876f48fa0e8316c49", size = 13527080, upload-time = "2025-12-18T19:29:25.642Z" },
    { url = "https://files.pythonhosted.org/packages/df/58/a0349197a7dfa603ffb7f5b0470391efa79ddc327c1e29c4851e85b09cc5/ruff-0.14.10-py3-none-macosx_10_12_x86_64.whl", hash = "sha256:674f9be9372907f7257c51f1d4fc902cb7cf014b9980152b802794317941f08f", size = 13797320, upload-time = "2025-12-18T19:29:02.571Z" },
    { url = "https://files.pythonhosted.org/packages/7b/82/36be59f00a6082e38c23536df4e71cdbc6af8d7c707eade97fcad5c98235/ruff-0.14.10-py3-none-macosx_11_0_arm64.whl", hash = "sha256:d85713d522348837ef9df8efca33ccb8bd6fcfc86a2cde3ccb4bc9d28a18003d", size = 12918434, upload-time = "2025-12-18T19:28:51.202Z" },
    { url = "https://files.pythonhosted.org/packages/a6/00/45c62a7f7e34da92a25804f813ebe05c88aa9e0c25e5cb5a7d23dd7450e3/ruff-0.14.10-py3-none-manylinux_2_17_aarch64.manylinux2014_aarch64.whl", hash = "sha256:6987ebe0501ae4f4308d7d24e2d0fe3d7a98430f5adfd0f1fead050a740a3a77", size = 13371961, upload-time = "2025-12-18T19:29:04.991Z" },
    { url = "https://files.pythonhosted.org/packages/40/31/a5906d60f0405f7e57045a70f2d57084a93ca7425f22e1d66904769d1628/ruff-0.14.10-py3-none-manylinux_2_17_armv7l.manylinux2014_armv7l.whl", hash = "sha256:16a01dfb7b9e4eee556fbfd5392806b1b8550c9b4a9f6acd3dbe6812b193c70a", size = 13275629, upload-time = "2025-12-18T19:29:21.381Z" },
    { url = "https://files.pythonhosted.org/packages/3e/60/61c0087df21894cf9d928dc04bcd4fb10e8b2e8dca7b1a276ba2155b2002/ruff-0.14.10-py3-none-manylinux_2_17_i686.manylinux2014_i686.whl", hash = "sha256:7165d31a925b7a294465fa81be8c12a0e9b60fb02bf177e79067c867e71f8b1f", size = 14029234, upload-time = "2025-12-18T19:29:00.132Z" },
    { url = "https://files.pythonhosted.org/packages/44/84/77d911bee3b92348b6e5dab5a0c898d87084ea03ac5dc708f46d88407def/ruff-0.14.10-py3-none-manylinux_2_17_ppc64.manylinux2014_ppc64.whl", hash = "sha256:c561695675b972effb0c0a45db233f2c816ff3da8dcfbe7dfc7eed625f218935", size = 15449890, upload-time = "2025-12-18T19:28:53.573Z" },
    { url = "https://files.pythonhosted.org/packages/e9/36/480206eaefa24a7ec321582dda580443a8f0671fdbf6b1c80e9c3e93a16a/ruff-0.14.10-py3-none-manylinux_2_17_ppc64le.manylinux2014_ppc64le.whl", hash = "sha256:4bb98fcbbc61725968893682fd4df8966a34611239c9fd07a1f6a07e7103d08e", size = 15123172, upload-time = "2025-12-18T19:29:23.453Z" },
    { url = "https://files.pythonhosted.org/packages/5c/38/68e414156015ba80cef5473d57919d27dfb62ec804b96180bafdeaf0e090/ruff-0.14.10-py3-none-manylinux_2_17_s390x.manylinux2014_s390x.whl", hash = "sha256:f24b47993a9d8cb858429e97bdf8544c78029f09b520af615c1d261bf827001d", size = 14460260, upload-time = "2025-12-18T19:29:27.808Z" },
    { url = "https://files.pythonhosted.org/packages/b3/19/9e050c0dca8aba824d67cc0db69fb459c28d8cd3f6855b1405b3f29cc91d/ruff-0.14.10-py3-none-manylinux_2_17_x86_64.manylinux2014_x86_64.whl", hash = "sha256:59aabd2e2c4fd614d2862e7939c34a532c04f1084476d6833dddef4afab87e9f", size = 14229978, upload-time = "2025-12-18T19:29:11.32Z" },
    { url = "https://files.pythonhosted.org/packages/51/eb/e8dd1dd6e05b9e695aa9dd420f4577debdd0f87a5ff2fedda33c09e9be8c/ruff-0.14.10-py3-none-manylinux_2_31_riscv64.whl", hash = "sha256:213db2b2e44be8625002dbea33bb9c60c66ea2c07c084a00d55732689d697a7f", size = 14338036, upload-time = "2025-12-18T19:29:09.184Z" },
    { url = "https://files.pythonhosted.org/packages/6a/12/f3e3a505db7c19303b70af370d137795fcfec136d670d5de5391e295c134/ruff-0.14.10-py3-none-musllinux_1_2_aarch64.whl", hash = "sha256:b914c40ab64865a17a9a5b67911d14df72346a634527240039eb3bd650e5979d", size = 13264051, upload-time = "2025-12-18T19:29:13.431Z" },
    { url = "https://files.pythonhosted.org/packages/08/64/8c3a47eaccfef8ac20e0484e68e0772013eb85802f8a9f7603ca751eb166/ruff-0.14.10-py3-none-musllinux_1_2_armv7l.whl", hash = "sha256:1484983559f026788e3a5c07c81ef7d1e97c1c78ed03041a18f75df104c45405", size = 13283998, upload-time = "2025-12-18T19:29:06.994Z" },
    { url = "https://files.pythonhosted.org/packages/12/84/534a5506f4074e5cc0529e5cd96cfc01bb480e460c7edf5af70d2bcae55e/ruff-0.14.10-py3-none-musllinux_1_2_i686.whl", hash = "sha256:c70427132db492d25f982fffc8d6c7535cc2fd2c83fc8888f05caaa248521e60", size = 13601891, upload-time = "2025-12-18T19:28:55.811Z" },
    { url = "https://files.pythonhosted.org/packages/0d/1e/14c916087d8598917dbad9b2921d340f7884824ad6e9c55de948a93b106d/ruff-0.14.10-py3-none-musllinux_1_2_x86_64.whl", hash = "sha256:5bcf45b681e9f1ee6445d317ce1fa9d6cba9a6049542d1c3d5b5958986be8830", size = 14336660, upload-time = "2025-12-18T19:29:16.531Z" },
    { url = "https://files.pythonhosted.org/packages/f2/1c/d7b67ab43f30013b47c12b42d1acd354c195351a3f7a1d67f59e54227ede/ruff-0.14.10-py3-none-win32.whl", hash = "sha256:104c49fc7ab73f3f3a758039adea978869a918f31b73280db175b43a2d9b51d6", size = 13196187, upload-time = "2025-12-18T19:29:19.006Z" },
    { url = "https://files.pythonhosted.org/packages/fb/9c/896c862e13886fae2af961bef3e6312db9ebc6adc2b156fe95e615dee8c1/ruff-0.14.10-py3-none-win_amd64.whl", hash = "sha256:466297bd73638c6bdf06485683e812db1c00c7ac96d4ddd0294a338c62fdc154", size = 14661283, upload-time = "2025-12-18T19:29:30.16Z" },
    { url = "https://files.pythonhosted.org/packages/74/31/b0e29d572670dca3674eeee78e418f20bdf97fa8aa9ea71380885e175ca0/ruff-0.14.10-py3-none-win_arm64.whl", hash = "sha256:e51d046cf6dda98a4633b8a8a771451107413b0f07183b2bef03f075599e44e6", size = 13729839, upload-time = "2025-12-18T19:28:48.636Z" },
]

[[package]]
name = "sqlparse"
version = "0.5.5"
source = { registry = "https://pypi.org/simple" }
sdist = { url = "https://files.pythonhosted.org/packages/90/76/437d71068094df0726366574cf3432a4ed754217b436eb7429415cf2d480/sqlparse-0.5.5.tar.gz", hash = "sha256:e20d4a9b0b8585fdf63b10d30066c7c94c5d7a7ec47c889a2d83a3caa93ff28e", size = 120815, upload-time = "2025-12-19T07:17:45.073Z" }
wheels = [
    { url = "https://files.pythonhosted.org/packages/49/4b/359f28a903c13438ef59ebeee215fb25da53066db67b305c125f1c6d2a25/sqlparse-0.5.5-py3-none-any.whl", hash = "sha256:12a08b3bf3eec877c519589833aed092e2444e68240a3577e8e26148acc7b1ba", size = 46138, upload-time = "2025-12-19T07:17:46.573Z" },
]

[[package]]
name = "ty"
version = "0.0.7"
source = { registry = "https://pypi.org/simple" }
sdist = { url = "https://files.pythonhosted.org/packages/b3/43/8be3ec2e2ce6119cff9ee3a207fae0cb4f2b4f8ed6534175130a32be24a7/ty-0.0.7.tar.gz", hash = "sha256:90e53b20b86c418ee41a8385f17da44cc7f916f96f9eee87593423ce8292ca72", size = 4826677, upload-time = "2025-12-24T21:28:49.136Z" }
wheels = [
    { url = "https://files.pythonhosted.org/packages/6e/56/fafa123acf955089306372add312f16e97aba61f7c4daf74e2bb9c350d23/ty-0.0.7-py3-none-linux_armv6l.whl", hash = "sha256:b30105bd9a0b064497111c50c206d5b6a032f29bcf39f09a12085c3009d72784", size = 9862360, upload-time = "2025-12-24T21:28:36.762Z" },
    { url = "https://files.pythonhosted.org/packages/71/f4/9c30ff498d9a60e24f16d26c0cf93cd03a119913ffa720a77149f02df06e/ty-0.0.7-py3-none-macosx_10_12_x86_64.whl", hash = "sha256:b4df20889115f3d5611a9d9cdedc222e3fd82b5fe87bb0a9f7246e53a23becc7", size = 9712866, upload-time = "2025-12-24T21:28:25.926Z" },
    { url = "https://files.pythonhosted.org/packages/43/84/e06a4a6e4011890027ffee41efbf261b1335103d09009d625ace7f1a60eb/ty-0.0.7-py3-none-macosx_11_0_arm64.whl", hash = "sha256:f699589d8511e1e17c5a7edfc5f4a4e80f2a6d4a3932a0e9e3422fd32d731472", size = 9221692, upload-time = "2025-12-24T21:28:29.649Z" },
    { url = "https://files.pythonhosted.org/packages/7a/e9/ebb4192d3627730125d40ee403a17dc91bab59d69c3eff286453b3218d01/ty-0.0.7-py3-none-manylinux_2_17_aarch64.manylinux2014_aarch64.whl", hash = "sha256:f3eaec2d8aa153ee4bcc43b17a384d0f9e66177c8c8127be3358b6b8348b9e3b", size = 9710340, upload-time = "2025-12-24T21:28:55.148Z" },
    { url = "https://files.pythonhosted.org/packages/8f/4a/ec144458a9cfb324d5cb471483094e62e74d73179343dff262a5cca1a1e1/ty-0.0.7-py3-none-manylinux_2_17_armv7l.manylinux2014_armv7l.whl", hash = "sha256:177d160295e6a56bdf0b61f6120bc4502fff301d4d10855ba711c109aa7f37fb", size = 9670317, upload-time = "2025-12-24T21:28:43.096Z" },
    { url = "https://files.pythonhosted.org/packages/b6/94/fe7106fd5e2ac06b81fba7b785a6216774618edc3fda9e17f58efe3cede6/ty-0.0.7-py3-none-manylinux_2_17_i686.manylinux2014_i686.whl", hash = "sha256:30518b95ab5cc83615794cca765a5fb86df39a0d9c3dadc0ab2d787ab7830008", size = 10096517, upload-time = "2025-12-24T21:28:23.667Z" },
    { url = "https://files.pythonhosted.org/packages/45/d9/db96ccfd663c96bdd4bb63db72899198c01445012f939477a5318a563f14/ty-0.0.7-py3-none-manylinux_2_17_ppc64.manylinux2014_ppc64.whl", hash = "sha256:7867b3f75c2d9602cc6fb3b6d462580b707c2d112d4b27037142b0d01f8bfd03", size = 10996406, upload-time = "2025-12-24T21:28:39.134Z" },
    { url = "https://files.pythonhosted.org/packages/94/da/103915c08c3e6a14f95959614646fcdc9a240cd9a039fadbdcd086c819ee/ty-0.0.7-py3-none-manylinux_2_17_ppc64le.manylinux2014_ppc64le.whl", hash = "sha256:878d45858e209b7904753fbc5155f4cb75dadc20a26bbb77614bfef31580f9ae", size = 10712829, upload-time = "2025-12-24T21:28:27.745Z" },
    { url = "https://files.pythonhosted.org/packages/47/c0/d9be417bc8e459e13e9698978579eec9868f91f4c5d6ef663249967fec8b/ty-0.0.7-py3-none-manylinux_2_17_s390x.manylinux2014_s390x.whl", hash = "sha256:651820b193901825afce40ae68f6a51cd64dbfa4b81a45db90061401261f25e4", size = 10486541, upload-time = "2025-12-24T21:28:45.17Z" },
    { url = "https://files.pythonhosted.org/packages/ad/09/d1858c66620d8ae566e021ad0d7168914b1568841f8fe9e439116ce6b440/ty-0.0.7-py3-none-manylinux_2_17_x86_64.manylinux2014_x86_64.whl", hash = "sha256:f56a5a0c1c045863b1b70c358a392b3f73b8528c5c571d409f19dd465525e116", size = 10255312, upload-time = "2025-12-24T21:28:53.17Z" },
    { url = "https://files.pythonhosted.org/packages/b6/0a/78f75089db491fd5fcc13d2845a0b2771b7f7d377450c64c6616e9c227bc/ty-0.0.7-py3-none-musllinux_1_2_aarch64.whl", hash = "sha256:748218fbc1f7b7f1b9d14e77d4f3d7fec72af794417e26b0185bdb94153afe1c", size = 9696201, upload-time = "2025-12-24T21:28:57.345Z" },
    { url = "https://files.pythonhosted.org/packages/01/9e/b26e94832fd563fef6f77a4487affc77a027b0e53106422c66aafb37fa01/ty-0.0.7-py3-none-musllinux_1_2_armv7l.whl", hash = "sha256:1ff80f3985a52a7358b9069b4a8d223e92cf312544a934a062d6d3a4fb6876b3", size = 9688907, upload-time = "2025-12-24T21:28:59.485Z" },
    { url = "https://files.pythonhosted.org/packages/5a/8f/cc48601fb92c964cf6c34277e0d947076146b7de47aa11b5dbae45e01ce7/ty-0.0.7-py3-none-musllinux_1_2_i686.whl", hash = "sha256:a808910ce672ba4446699f4c021283208f58f988bcfc3bdbdfc6e005819d9ee0", size = 9829982, upload-time = "2025-12-24T21:28:34.429Z" },
    { url = "https://files.pythonhosted.org/packages/b5/af/7fa9c2bfa25865968bded637f7e71f1a712f4fbede88f487b6a9101ab936/ty-0.0.7-py3-none-musllinux_1_2_x86_64.whl", hash = "sha256:2718fea5f314eda01703fb406ec89b1fc8710b3fc6a09bbd6f7a4f3502ddc889", size = 10361037, upload-time = "2025-12-24T21:28:47.027Z" },
    { url = "https://files.pythonhosted.org/packages/1c/5b/1a6ff1495975cd1c02aa8d03bc5c9d8006eaeb8bf354446f88d70f0518fd/ty-0.0.7-py3-none-win32.whl", hash = "sha256:ae89bb8dc50deb66f34eab3113aa61ac5d7f85ecf16279e5918548085a89021c", size = 9295092, upload-time = "2025-12-24T21:28:51.041Z" },
    { url = "https://files.pythonhosted.org/packages/ff/f6/47e9364635d048002354f84d2d0d6dfc9eb166dc67850739f88e1fec4fc5/ty-0.0.7-py3-none-win_amd64.whl", hash = "sha256:25bd20e3d4d0f07b422f9b42711ba24d28116031273bd23dbda66cec14df1c06", size = 10162816, upload-time = "2025-12-24T21:28:41.006Z" },
    { url = "https://files.pythonhosted.org/packages/7f/f4/c4fc28410c4493982b7481fb23f62bacb02fd2912ebec3b9bc7de18bebb8/ty-0.0.7-py3-none-win_arm64.whl", hash = "sha256:c87d27484dba9fca0053b6a9eee47eecc760aab2bbb8e6eab3d7f81531d1ad0c", size = 9653112, upload-time = "2025-12-24T21:28:31.562Z" },
]

[[package]]
name = "tzdata"
version = "2025.3"
source = { registry = "https://pypi.org/simple" }
sdist = { url = "https://files.pythonhosted.org/packages/5e/a7/c202b344c5ca7daf398f3b8a477eeb205cf3b6f32e7ec3a6bac0629ca975/tzdata-2025.3.tar.gz", hash = "sha256:de39c2ca5dc7b0344f2eba86f49d614019d29f060fc4ebc8a417896a620b56a7", size = 196772, upload-time = "2025-12-13T17:45:35.667Z" }
wheels = [
    { url = "https://files.pythonhosted.org/packages/c7/b0/003792df09decd6849a5e39c28b513c06e84436a54440380862b5aeff25d/tzdata-2025.3-py2.py3-none-any.whl", hash = "sha256:06a47e5700f3081aab02b2e513160914ff0694bce9947d6b76ebd6bf57cfc5d1", size = 348521, upload-time = "2025-12-13T17:45:33.889Z" },
]

[[package]]
name = "whitenoise"
version = "6.11.0"
source = { registry = "https://pypi.org/simple" }
sdist = { url = "https://files.pythonhosted.org/packages/15/95/8c81ec6b6ebcbf8aca2de7603070ccf37dbb873b03f20708e0f7c1664bc6/whitenoise-6.11.0.tar.gz", hash = "sha256:0f5bfce6061ae6611cd9396a8231e088722e4fc67bc13a111be74c738d99375f", size = 26432, upload-time = "2025-09-18T09:16:10.995Z" }
wheels = [
    { url = "https://files.pythonhosted.org/packages/6c/e9/4366332f9295fe0647d7d3251ce18f5615fbcb12d02c79a26f8dba9221b3/whitenoise-6.11.0-py3-none-any.whl", hash = "sha256:b2aeb45950597236f53b5342b3121c5de69c8da0109362aee506ce88e022d258", size = 20197, upload-time = "2025-09-18T09:16:09.754Z" },
]
